// !$*UTF8*$!
{
	archiveVersion = 1;
	classes = {
	};
	objectVersion = 56;
	objects = {

/* Begin PBXBuildFile section */
		C332045F2C345D1100ACFCCD /* AppDelegate.swift in Sources */ = {isa = PBXBuildFile; fileRef = C332045E2C345D1100ACFCCD /* AppDelegate.swift */; };
		C33204612C345D1100ACFCCD /* SceneDelegate.swift in Sources */ = {isa = PBXBuildFile; fileRef = C33204602C345D1100ACFCCD /* SceneDelegate.swift */; };
		C33204662C345D1100ACFCCD /* Base in Resources */ = {isa = PBXBuildFile; fileRef = C33204652C345D1100ACFCCD /* Base */; };
		C33204682C345D1400ACFCCD /* Assets.xcassets in Resources */ = {isa = PBXBuildFile; fileRef = C33204672C345D1400ACFCCD /* Assets.xcassets */; };
		C332046B2C345D1400ACFCCD /* Base in Resources */ = {isa = PBXBuildFile; fileRef = C332046A2C345D1400ACFCCD /* Base */; };
		C33204762C345D1500ACFCCD /* The_Movie_AppTests.swift in Sources */ = {isa = PBXBuildFile; fileRef = C33204752C345D1500ACFCCD /* The_Movie_AppTests.swift */; };
		C33204802C345D1500ACFCCD /* The_Movie_AppUITests.swift in Sources */ = {isa = PBXBuildFile; fileRef = C332047F2C345D1500ACFCCD /* The_Movie_AppUITests.swift */; };
		C33204822C345D1500ACFCCD /* The_Movie_AppUITestsLaunchTests.swift in Sources */ = {isa = PBXBuildFile; fileRef = C33204812C345D1500ACFCCD /* The_Movie_AppUITestsLaunchTests.swift */; };
		C332049B2C34A9F300ACFCCD /* Movie.swift in Sources */ = {isa = PBXBuildFile; fileRef = C332049A2C34A9F300ACFCCD /* Movie.swift */; };
		C332049D2C34AD2800ACFCCD /* EndPointType.swift in Sources */ = {isa = PBXBuildFile; fileRef = C332049C2C34AD2800ACFCCD /* EndPointType.swift */; };
		C332049F2C34AD3900ACFCCD /* MovieEndPoint.swift in Sources */ = {isa = PBXBuildFile; fileRef = C332049E2C34AD3900ACFCCD /* MovieEndPoint.swift */; };
		C33204A12C34AD5800ACFCCD /* APIManager.swift in Sources */ = {isa = PBXBuildFile; fileRef = C33204A02C34AD5800ACFCCD /* APIManager.swift */; };
		C33204A72C3532C700ACFCCD /* Constants.swift in Sources */ = {isa = PBXBuildFile; fileRef = C33204A62C3532C700ACFCCD /* Constants.swift */; };
		C33204AC2C35648700ACFCCD /* MovieListViewController.swift in Sources */ = {isa = PBXBuildFile; fileRef = C33204AB2C35648700ACFCCD /* MovieListViewController.swift */; };
		C33204AE2C35675B00ACFCCD /* MovieViewModel.swift in Sources */ = {isa = PBXBuildFile; fileRef = C33204AD2C35675B00ACFCCD /* MovieViewModel.swift */; };
		C33204B12C35841B00ACFCCD /* MovieCell.xib in Resources */ = {isa = PBXBuildFile; fileRef = C33204B02C35841B00ACFCCD /* MovieCell.xib */; };
		C33204B22C35841B00ACFCCD /* MovieCell.swift in Sources */ = {isa = PBXBuildFile; fileRef = C33204AF2C35841B00ACFCCD /* MovieCell.swift */; };
		C33204B52C3592EE00ACFCCD /* Kingfisher in Frameworks */ = {isa = PBXBuildFile; productRef = C33204B42C3592EE00ACFCCD /* Kingfisher */; };
		C33204B72C35933C00ACFCCD /* UIImageView + Extension.swift in Sources */ = {isa = PBXBuildFile; fileRef = C33204B62C35933C00ACFCCD /* UIImageView + Extension.swift */; };
/* End PBXBuildFile section */

/* Begin PBXContainerItemProxy section */
		C33204722C345D1500ACFCCD /* PBXContainerItemProxy */ = {
			isa = PBXContainerItemProxy;
			containerPortal = C33204532C345D1100ACFCCD /* Project object */;
			proxyType = 1;
			remoteGlobalIDString = C332045A2C345D1100ACFCCD;
			remoteInfo = "The Movie App";
		};
		C332047C2C345D1500ACFCCD /* PBXContainerItemProxy */ = {
			isa = PBXContainerItemProxy;
			containerPortal = C33204532C345D1100ACFCCD /* Project object */;
			proxyType = 1;
			remoteGlobalIDString = C332045A2C345D1100ACFCCD;
			remoteInfo = "The Movie App";
		};
/* End PBXContainerItemProxy section */

/* Begin PBXFileReference section */
		C332045B2C345D1100ACFCCD /* The Movie App.app */ = {isa = PBXFileReference; explicitFileType = wrapper.application; includeInIndex = 0; path = "The Movie App.app"; sourceTree = BUILT_PRODUCTS_DIR; };
		C332045E2C345D1100ACFCCD /* AppDelegate.swift */ = {isa = PBXFileReference; lastKnownFileType = sourcecode.swift; path = AppDelegate.swift; sourceTree = "<group>"; };
		C33204602C345D1100ACFCCD /* SceneDelegate.swift */ = {isa = PBXFileReference; lastKnownFileType = sourcecode.swift; path = SceneDelegate.swift; sourceTree = "<group>"; };
		C33204652C345D1100ACFCCD /* Base */ = {isa = PBXFileReference; lastKnownFileType = file.storyboard; name = Base; path = Base.lproj/Main.storyboard; sourceTree = "<group>"; };
		C33204672C345D1400ACFCCD /* Assets.xcassets */ = {isa = PBXFileReference; lastKnownFileType = folder.assetcatalog; path = Assets.xcassets; sourceTree = "<group>"; };
		C332046A2C345D1400ACFCCD /* Base */ = {isa = PBXFileReference; lastKnownFileType = file.storyboard; name = Base; path = Base.lproj/LaunchScreen.storyboard; sourceTree = "<group>"; };
		C332046C2C345D1400ACFCCD /* Info.plist */ = {isa = PBXFileReference; lastKnownFileType = text.plist.xml; path = Info.plist; sourceTree = "<group>"; };
		C33204712C345D1500ACFCCD /* The Movie AppTests.xctest */ = {isa = PBXFileReference; explicitFileType = wrapper.cfbundle; includeInIndex = 0; path = "The Movie AppTests.xctest"; sourceTree = BUILT_PRODUCTS_DIR; };
		C33204752C345D1500ACFCCD /* The_Movie_AppTests.swift */ = {isa = PBXFileReference; lastKnownFileType = sourcecode.swift; path = The_Movie_AppTests.swift; sourceTree = "<group>"; };
		C332047B2C345D1500ACFCCD /* The Movie AppUITests.xctest */ = {isa = PBXFileReference; explicitFileType = wrapper.cfbundle; includeInIndex = 0; path = "The Movie AppUITests.xctest"; sourceTree = BUILT_PRODUCTS_DIR; };
		C332047F2C345D1500ACFCCD /* The_Movie_AppUITests.swift */ = {isa = PBXFileReference; lastKnownFileType = sourcecode.swift; path = The_Movie_AppUITests.swift; sourceTree = "<group>"; };
		C33204812C345D1500ACFCCD /* The_Movie_AppUITestsLaunchTests.swift */ = {isa = PBXFileReference; lastKnownFileType = sourcecode.swift; path = The_Movie_AppUITestsLaunchTests.swift; sourceTree = "<group>"; };
		C332049A2C34A9F300ACFCCD /* Movie.swift */ = {isa = PBXFileReference; lastKnownFileType = sourcecode.swift; path = Movie.swift; sourceTree = "<group>"; };
		C332049C2C34AD2800ACFCCD /* EndPointType.swift */ = {isa = PBXFileReference; lastKnownFileType = sourcecode.swift; path = EndPointType.swift; sourceTree = "<group>"; };
		C332049E2C34AD3900ACFCCD /* MovieEndPoint.swift */ = {isa = PBXFileReference; lastKnownFileType = sourcecode.swift; path = MovieEndPoint.swift; sourceTree = "<group>"; };
		C33204A02C34AD5800ACFCCD /* APIManager.swift */ = {isa = PBXFileReference; lastKnownFileType = sourcecode.swift; path = APIManager.swift; sourceTree = "<group>"; };
		C33204A62C3532C700ACFCCD /* Constants.swift */ = {isa = PBXFileReference; lastKnownFileType = sourcecode.swift; path = Constants.swift; sourceTree = "<group>"; };
		C33204AB2C35648700ACFCCD /* MovieListViewController.swift */ = {isa = PBXFileReference; lastKnownFileType = sourcecode.swift; path = MovieListViewController.swift; sourceTree = "<group>"; };
		C33204AD2C35675B00ACFCCD /* MovieViewModel.swift */ = {isa = PBXFileReference; lastKnownFileType = sourcecode.swift; path = MovieViewModel.swift; sourceTree = "<group>"; };
		C33204AF2C35841B00ACFCCD /* MovieCell.swift */ = {isa = PBXFileReference; lastKnownFileType = sourcecode.swift; path = MovieCell.swift; sourceTree = "<group>"; };
		C33204B02C35841B00ACFCCD /* MovieCell.xib */ = {isa = PBXFileReference; lastKnownFileType = file.xib; path = MovieCell.xib; sourceTree = "<group>"; };
		C33204B62C35933C00ACFCCD /* UIImageView + Extension.swift */ = {isa = PBXFileReference; lastKnownFileType = sourcecode.swift; path = "UIImageView + Extension.swift"; sourceTree = "<group>"; };
/* End PBXFileReference section */

/* Begin PBXFrameworksBuildPhase section */
		C33204582C345D1100ACFCCD /* Frameworks */ = {
			isa = PBXFrameworksBuildPhase;
			buildActionMask = 2147483647;
			files = (
				C33204B52C3592EE00ACFCCD /* Kingfisher in Frameworks */,
			);
			runOnlyForDeploymentPostprocessing = 0;
		};
		C332046E2C345D1500ACFCCD /* Frameworks */ = {
			isa = PBXFrameworksBuildPhase;
			buildActionMask = 2147483647;
			files = (
			);
			runOnlyForDeploymentPostprocessing = 0;
		};
		C33204782C345D1500ACFCCD /* Frameworks */ = {
			isa = PBXFrameworksBuildPhase;
			buildActionMask = 2147483647;
			files = (
			);
			runOnlyForDeploymentPostprocessing = 0;
		};
/* End PBXFrameworksBuildPhase section */

/* Begin PBXGroup section */
		C33204522C345D1100ACFCCD = {
			isa = PBXGroup;
			children = (
				C332045D2C345D1100ACFCCD /* The Movie App */,
				C33204742C345D1500ACFCCD /* The Movie AppTests */,
				C332047E2C345D1500ACFCCD /* The Movie AppUITests */,
				C332045C2C345D1100ACFCCD /* Products */,
			);
			sourceTree = "<group>";
		};
		C332045C2C345D1100ACFCCD /* Products */ = {
			isa = PBXGroup;
			children = (
				C332045B2C345D1100ACFCCD /* The Movie App.app */,
				C33204712C345D1500ACFCCD /* The Movie AppTests.xctest */,
				C332047B2C345D1500ACFCCD /* The Movie AppUITests.xctest */,
			);
			name = Products;
			sourceTree = "<group>";
		};
		C332045D2C345D1100ACFCCD /* The Movie App */ = {
			isa = PBXGroup;
			children = (
				C332048E2C345DBC00ACFCCD /* Application */,
				C332048F2C345DD300ACFCCD /* Constant */,
				C33204912C345DEA00ACFCCD /* Extensions */,
				C33204922C345DF700ACFCCD /* Utility */,
				C33204902C345DE000ACFCCD /* Helper */,
				C33204942C345E0A00ACFCCD /* Screens */,
				C33204952C345E1300ACFCCD /* Storyboard */,
				C33204932C345E0000ACFCCD /* Resources */,
				C332046C2C345D1400ACFCCD /* Info.plist */,
			);
			path = "The Movie App";
			sourceTree = "<group>";
		};
		C33204742C345D1500ACFCCD /* The Movie AppTests */ = {
			isa = PBXGroup;
			children = (
				C33204752C345D1500ACFCCD /* The_Movie_AppTests.swift */,
			);
			path = "The Movie AppTests";
			sourceTree = "<group>";
		};
		C332047E2C345D1500ACFCCD /* The Movie AppUITests */ = {
			isa = PBXGroup;
			children = (
				C332047F2C345D1500ACFCCD /* The_Movie_AppUITests.swift */,
				C33204812C345D1500ACFCCD /* The_Movie_AppUITestsLaunchTests.swift */,
			);
			path = "The Movie AppUITests";
			sourceTree = "<group>";
		};
		C332048E2C345DBC00ACFCCD /* Application */ = {
			isa = PBXGroup;
			children = (
				C332045E2C345D1100ACFCCD /* AppDelegate.swift */,
				C33204602C345D1100ACFCCD /* SceneDelegate.swift */,
			);
			path = Application;
			sourceTree = "<group>";
		};
		C332048F2C345DD300ACFCCD /* Constant */ = {
			isa = PBXGroup;
			children = (
				C33204A62C3532C700ACFCCD /* Constants.swift */,
			);
			path = Constant;
			sourceTree = "<group>";
		};
		C33204902C345DE000ACFCCD /* Helper */ = {
			isa = PBXGroup;
			children = (
				C33204A02C34AD5800ACFCCD /* APIManager.swift */,
			);
			path = Helper;
			sourceTree = "<group>";
		};
		C33204912C345DEA00ACFCCD /* Extensions */ = {
			isa = PBXGroup;
			children = (
				C33204B62C35933C00ACFCCD /* UIImageView + Extension.swift */,
			);
			path = Extensions;
			sourceTree = "<group>";
		};
		C33204922C345DF700ACFCCD /* Utility */ = {
			isa = PBXGroup;
			children = (
				C332049C2C34AD2800ACFCCD /* EndPointType.swift */,
				C332049E2C34AD3900ACFCCD /* MovieEndPoint.swift */,
			);
			path = Utility;
			sourceTree = "<group>";
		};
		C33204932C345E0000ACFCCD /* Resources */ = {
			isa = PBXGroup;
			children = (
				C33204672C345D1400ACFCCD /* Assets.xcassets */,
			);
			path = Resources;
			sourceTree = "<group>";
		};
		C33204942C345E0A00ACFCCD /* Screens */ = {
			isa = PBXGroup;
			children = (
				C33204962C349FBB00ACFCCD /* Movies */,
			);
			path = Screens;
			sourceTree = "<group>";
		};
		C33204952C345E1300ACFCCD /* Storyboard */ = {
			isa = PBXGroup;
			children = (
				C33204642C345D1100ACFCCD /* Main.storyboard */,
				C33204692C345D1400ACFCCD /* LaunchScreen.storyboard */,
			);
			path = Storyboard;
			sourceTree = "<group>";
		};
		C33204962C349FBB00ACFCCD /* Movies */ = {
			isa = PBXGroup;
			children = (
				C33204992C349FF500ACFCCD /* Model */,
				C33204982C349FEE00ACFCCD /* View */,
				C33204972C349FCC00ACFCCD /* ViewModel */,
			);
			path = Movies;
			sourceTree = "<group>";
		};
		C33204972C349FCC00ACFCCD /* ViewModel */ = {
			isa = PBXGroup;
			children = (
				C33204AD2C35675B00ACFCCD /* MovieViewModel.swift */,
			);
			path = ViewModel;
			sourceTree = "<group>";
		};
		C33204982C349FEE00ACFCCD /* View */ = {
			isa = PBXGroup;
			children = (
				C33204AB2C35648700ACFCCD /* MovieListViewController.swift */,
				C33204AF2C35841B00ACFCCD /* MovieCell.swift */,
				C33204B02C35841B00ACFCCD /* MovieCell.xib */,
			);
			path = View;
			sourceTree = "<group>";
		};
		C33204992C349FF500ACFCCD /* Model */ = {
			isa = PBXGroup;
			children = (
				C332049A2C34A9F300ACFCCD /* Movie.swift */,
			);
			path = Model;
			sourceTree = "<group>";
		};
/* End PBXGroup section */

/* Begin PBXNativeTarget section */
		C332045A2C345D1100ACFCCD /* The Movie App */ = {
			isa = PBXNativeTarget;
			buildConfigurationList = C33204852C345D1500ACFCCD /* Build configuration list for PBXNativeTarget "The Movie App" */;
			buildPhases = (
				C33204572C345D1100ACFCCD /* Sources */,
				C33204582C345D1100ACFCCD /* Frameworks */,
				C33204592C345D1100ACFCCD /* Resources */,
			);
			buildRules = (
			);
			dependencies = (
			);
			name = "The Movie App";
			packageProductDependencies = (
				C33204B42C3592EE00ACFCCD /* Kingfisher */,
			);
			productName = "The Movie App";
			productReference = C332045B2C345D1100ACFCCD /* The Movie App.app */;
			productType = "com.apple.product-type.application";
		};
		C33204702C345D1500ACFCCD /* The Movie AppTests */ = {
			isa = PBXNativeTarget;
			buildConfigurationList = C33204882C345D1500ACFCCD /* Build configuration list for PBXNativeTarget "The Movie AppTests" */;
			buildPhases = (
				C332046D2C345D1500ACFCCD /* Sources */,
				C332046E2C345D1500ACFCCD /* Frameworks */,
				C332046F2C345D1500ACFCCD /* Resources */,
			);
			buildRules = (
			);
			dependencies = (
				C33204732C345D1500ACFCCD /* PBXTargetDependency */,
			);
			name = "The Movie AppTests";
			productName = "The Movie AppTests";
			productReference = C33204712C345D1500ACFCCD /* The Movie AppTests.xctest */;
			productType = "com.apple.product-type.bundle.unit-test";
		};
		C332047A2C345D1500ACFCCD /* The Movie AppUITests */ = {
			isa = PBXNativeTarget;
			buildConfigurationList = C332048B2C345D1500ACFCCD /* Build configuration list for PBXNativeTarget "The Movie AppUITests" */;
			buildPhases = (
				C33204772C345D1500ACFCCD /* Sources */,
				C33204782C345D1500ACFCCD /* Frameworks */,
				C33204792C345D1500ACFCCD /* Resources */,
			);
			buildRules = (
			);
			dependencies = (
				C332047D2C345D1500ACFCCD /* PBXTargetDependency */,
			);
			name = "The Movie AppUITests";
			productName = "The Movie AppUITests";
			productReference = C332047B2C345D1500ACFCCD /* The Movie AppUITests.xctest */;
			productType = "com.apple.product-type.bundle.ui-testing";
		};
/* End PBXNativeTarget section */

/* Begin PBXProject section */
		C33204532C345D1100ACFCCD /* Project object */ = {
			isa = PBXProject;
			attributes = {
				BuildIndependentTargetsInParallel = 1;
				LastSwiftUpdateCheck = 1540;
				LastUpgradeCheck = 1540;
				TargetAttributes = {
					C332045A2C345D1100ACFCCD = {
						CreatedOnToolsVersion = 15.4;
					};
					C33204702C345D1500ACFCCD = {
						CreatedOnToolsVersion = 15.4;
						TestTargetID = C332045A2C345D1100ACFCCD;
					};
					C332047A2C345D1500ACFCCD = {
						CreatedOnToolsVersion = 15.4;
						TestTargetID = C332045A2C345D1100ACFCCD;
					};
				};
			};
			buildConfigurationList = C33204562C345D1100ACFCCD /* Build configuration list for PBXProject "The Movie App" */;
			compatibilityVersion = "Xcode 14.0";
			developmentRegion = en;
			hasScannedForEncodings = 0;
			knownRegions = (
				en,
				Base,
			);
			mainGroup = C33204522C345D1100ACFCCD;
			packageReferences = (
				C33204B32C3592EE00ACFCCD /* XCRemoteSwiftPackageReference "Kingfisher" */,
			);
			productRefGroup = C332045C2C345D1100ACFCCD /* Products */;
			projectDirPath = "";
			projectRoot = "";
			targets = (
				C332045A2C345D1100ACFCCD /* The Movie App */,
				C33204702C345D1500ACFCCD /* The Movie AppTests */,
				C332047A2C345D1500ACFCCD /* The Movie AppUITests */,
			);
		};
/* End PBXProject section */

/* Begin PBXResourcesBuildPhase section */
		C33204592C345D1100ACFCCD /* Resources */ = {
			isa = PBXResourcesBuildPhase;
			buildActionMask = 2147483647;
			files = (
				C33204682C345D1400ACFCCD /* Assets.xcassets in Resources */,
				C332046B2C345D1400ACFCCD /* Base in Resources */,
				C33204B12C35841B00ACFCCD /* MovieCell.xib in Resources */,
				C33204662C345D1100ACFCCD /* Base in Resources */,
			);
			runOnlyForDeploymentPostprocessing = 0;
		};
		C332046F2C345D1500ACFCCD /* Resources */ = {
			isa = PBXResourcesBuildPhase;
			buildActionMask = 2147483647;
			files = (
			);
			runOnlyForDeploymentPostprocessing = 0;
		};
		C33204792C345D1500ACFCCD /* Resources */ = {
			isa = PBXResourcesBuildPhase;
			buildActionMask = 2147483647;
			files = (
			);
			runOnlyForDeploymentPostprocessing = 0;
		};
/* End PBXResourcesBuildPhase section */

/* Begin PBXSourcesBuildPhase section */
		C33204572C345D1100ACFCCD /* Sources */ = {
			isa = PBXSourcesBuildPhase;
			buildActionMask = 2147483647;
			files = (
				C33204A12C34AD5800ACFCCD /* APIManager.swift in Sources */,
				C332049D2C34AD2800ACFCCD /* EndPointType.swift in Sources */,
				C33204B72C35933C00ACFCCD /* UIImageView + Extension.swift in Sources */,
				C332045F2C345D1100ACFCCD /* AppDelegate.swift in Sources */,
				C33204AC2C35648700ACFCCD /* MovieListViewController.swift in Sources */,
				C33204612C345D1100ACFCCD /* SceneDelegate.swift in Sources */,
				C33204AE2C35675B00ACFCCD /* MovieViewModel.swift in Sources */,
				C332049B2C34A9F300ACFCCD /* Movie.swift in Sources */,
				C332049F2C34AD3900ACFCCD /* MovieEndPoint.swift in Sources */,
				C33204B22C35841B00ACFCCD /* MovieCell.swift in Sources */,
				C33204A72C3532C700ACFCCD /* Constants.swift in Sources */,
			);
			runOnlyForDeploymentPostprocessing = 0;
		};
		C332046D2C345D1500ACFCCD /* Sources */ = {
			isa = PBXSourcesBuildPhase;
			buildActionMask = 2147483647;
			files = (
				C33204762C345D1500ACFCCD /* The_Movie_AppTests.swift in Sources */,
			);
			runOnlyForDeploymentPostprocessing = 0;
		};
		C33204772C345D1500ACFCCD /* Sources */ = {
			isa = PBXSourcesBuildPhase;
			buildActionMask = 2147483647;
			files = (
				C33204802C345D1500ACFCCD /* The_Movie_AppUITests.swift in Sources */,
				C33204822C345D1500ACFCCD /* The_Movie_AppUITestsLaunchTests.swift in Sources */,
			);
			runOnlyForDeploymentPostprocessing = 0;
		};
/* End PBXSourcesBuildPhase section */

/* Begin PBXTargetDependency section */
		C33204732C345D1500ACFCCD /* PBXTargetDependency */ = {
			isa = PBXTargetDependency;
			target = C332045A2C345D1100ACFCCD /* The Movie App */;
			targetProxy = C33204722C345D1500ACFCCD /* PBXContainerItemProxy */;
		};
		C332047D2C345D1500ACFCCD /* PBXTargetDependency */ = {
			isa = PBXTargetDependency;
			target = C332045A2C345D1100ACFCCD /* The Movie App */;
			targetProxy = C332047C2C345D1500ACFCCD /* PBXContainerItemProxy */;
		};
/* End PBXTargetDependency section */

/* Begin PBXVariantGroup section */
		C33204642C345D1100ACFCCD /* Main.storyboard */ = {
			isa = PBXVariantGroup;
			children = (
				C33204652C345D1100ACFCCD /* Base */,
			);
			name = Main.storyboard;
			sourceTree = "<group>";
		};
		C33204692C345D1400ACFCCD /* LaunchScreen.storyboard */ = {
			isa = PBXVariantGroup;
			children = (
				C332046A2C345D1400ACFCCD /* Base */,
			);
			name = LaunchScreen.storyboard;
			sourceTree = "<group>";
		};
/* End PBXVariantGroup section */

/* Begin XCBuildConfiguration section */
		C33204832C345D1500ACFCCD /* Debug */ = {
			isa = XCBuildConfiguration;
			buildSettings = {
				ALWAYS_SEARCH_USER_PATHS = NO;
				ASSETCATALOG_COMPILER_GENERATE_SWIFT_ASSET_SYMBOL_EXTENSIONS = YES;
				CLANG_ANALYZER_NONNULL = YES;
				CLANG_ANALYZER_NUMBER_OBJECT_CONVERSION = YES_AGGRESSIVE;
				CLANG_CXX_LANGUAGE_STANDARD = "gnu++20";
				CLANG_ENABLE_MODULES = YES;
				CLANG_ENABLE_OBJC_ARC = YES;
				CLANG_ENABLE_OBJC_WEAK = YES;
				CLANG_WARN_BLOCK_CAPTURE_AUTORELEASING = YES;
				CLANG_WARN_BOOL_CONVERSION = YES;
				CLANG_WARN_COMMA = YES;
				CLANG_WARN_CONSTANT_CONVERSION = YES;
				CLANG_WARN_DEPRECATED_OBJC_IMPLEMENTATIONS = YES;
				CLANG_WARN_DIRECT_OBJC_ISA_USAGE = YES_ERROR;
				CLANG_WARN_DOCUMENTATION_COMMENTS = YES;
				CLANG_WARN_EMPTY_BODY = YES;
				CLANG_WARN_ENUM_CONVERSION = YES;
				CLANG_WARN_INFINITE_RECURSION = YES;
				CLANG_WARN_INT_CONVERSION = YES;
				CLANG_WARN_NON_LITERAL_NULL_CONVERSION = YES;
				CLANG_WARN_OBJC_IMPLICIT_RETAIN_SELF = YES;
				CLANG_WARN_OBJC_LITERAL_CONVERSION = YES;
				CLANG_WARN_OBJC_ROOT_CLASS = YES_ERROR;
				CLANG_WARN_QUOTED_INCLUDE_IN_FRAMEWORK_HEADER = YES;
				CLANG_WARN_RANGE_LOOP_ANALYSIS = YES;
				CLANG_WARN_STRICT_PROTOTYPES = YES;
				CLANG_WARN_SUSPICIOUS_MOVE = YES;
				CLANG_WARN_UNGUARDED_AVAILABILITY = YES_AGGRESSIVE;
				CLANG_WARN_UNREACHABLE_CODE = YES;
				CLANG_WARN__DUPLICATE_METHOD_MATCH = YES;
				COPY_PHASE_STRIP = NO;
				DEBUG_INFORMATION_FORMAT = dwarf;
				ENABLE_STRICT_OBJC_MSGSEND = YES;
				ENABLE_TESTABILITY = YES;
				ENABLE_USER_SCRIPT_SANDBOXING = YES;
				GCC_C_LANGUAGE_STANDARD = gnu17;
				GCC_DYNAMIC_NO_PIC = NO;
				GCC_NO_COMMON_BLOCKS = YES;
				GCC_OPTIMIZATION_LEVEL = 0;
				GCC_PREPROCESSOR_DEFINITIONS = (
					"DEBUG=1",
					"$(inherited)",
				);
				GCC_WARN_64_TO_32_BIT_CONVERSION = YES;
				GCC_WARN_ABOUT_RETURN_TYPE = YES_ERROR;
				GCC_WARN_UNDECLARED_SELECTOR = YES;
				GCC_WARN_UNINITIALIZED_AUTOS = YES_AGGRESSIVE;
				GCC_WARN_UNUSED_FUNCTION = YES;
				GCC_WARN_UNUSED_VARIABLE = YES;
				IPHONEOS_DEPLOYMENT_TARGET = 17.5;
				LOCALIZATION_PREFERS_STRING_CATALOGS = YES;
				MTL_ENABLE_DEBUG_INFO = INCLUDE_SOURCE;
				MTL_FAST_MATH = YES;
				ONLY_ACTIVE_ARCH = YES;
				SDKROOT = iphoneos;
				SWIFT_ACTIVE_COMPILATION_CONDITIONS = "DEBUG $(inherited)";
				SWIFT_OPTIMIZATION_LEVEL = "-Onone";
			};
			name = Debug;
		};
		C33204842C345D1500ACFCCD /* Release */ = {
			isa = XCBuildConfiguration;
			buildSettings = {
				ALWAYS_SEARCH_USER_PATHS = NO;
				ASSETCATALOG_COMPILER_GENERATE_SWIFT_ASSET_SYMBOL_EXTENSIONS = YES;
				CLANG_ANALYZER_NONNULL = YES;
				CLANG_ANALYZER_NUMBER_OBJECT_CONVERSION = YES_AGGRESSIVE;
				CLANG_CXX_LANGUAGE_STANDARD = "gnu++20";
				CLANG_ENABLE_MODULES = YES;
				CLANG_ENABLE_OBJC_ARC = YES;
				CLANG_ENABLE_OBJC_WEAK = YES;
				CLANG_WARN_BLOCK_CAPTURE_AUTORELEASING = YES;
				CLANG_WARN_BOOL_CONVERSION = YES;
				CLANG_WARN_COMMA = YES;
				CLANG_WARN_CONSTANT_CONVERSION = YES;
				CLANG_WARN_DEPRECATED_OBJC_IMPLEMENTATIONS = YES;
				CLANG_WARN_DIRECT_OBJC_ISA_USAGE = YES_ERROR;
				CLANG_WARN_DOCUMENTATION_COMMENTS = YES;
				CLANG_WARN_EMPTY_BODY = YES;
				CLANG_WARN_ENUM_CONVERSION = YES;
				CLANG_WARN_INFINITE_RECURSION = YES;
				CLANG_WARN_INT_CONVERSION = YES;
				CLANG_WARN_NON_LITERAL_NULL_CONVERSION = YES;
				CLANG_WARN_OBJC_IMPLICIT_RETAIN_SELF = YES;
				CLANG_WARN_OBJC_LITERAL_CONVERSION = YES;
				CLANG_WARN_OBJC_ROOT_CLASS = YES_ERROR;
				CLANG_WARN_QUOTED_INCLUDE_IN_FRAMEWORK_HEADER = YES;
				CLANG_WARN_RANGE_LOOP_ANALYSIS = YES;
				CLANG_WARN_STRICT_PROTOTYPES = YES;
				CLANG_WARN_SUSPICIOUS_MOVE = YES;
				CLANG_WARN_UNGUARDED_AVAILABILITY = YES_AGGRESSIVE;
				CLANG_WARN_UNREACHABLE_CODE = YES;
				CLANG_WARN__DUPLICATE_METHOD_MATCH = YES;
				COPY_PHASE_STRIP = NO;
				DEBUG_INFORMATION_FORMAT = "dwarf-with-dsym";
				ENABLE_NS_ASSERTIONS = NO;
				ENABLE_STRICT_OBJC_MSGSEND = YES;
				ENABLE_USER_SCRIPT_SANDBOXING = YES;
				GCC_C_LANGUAGE_STANDARD = gnu17;
				GCC_NO_COMMON_BLOCKS = YES;
				GCC_WARN_64_TO_32_BIT_CONVERSION = YES;
				GCC_WARN_ABOUT_RETURN_TYPE = YES_ERROR;
				GCC_WARN_UNDECLARED_SELECTOR = YES;
				GCC_WARN_UNINITIALIZED_AUTOS = YES_AGGRESSIVE;
				GCC_WARN_UNUSED_FUNCTION = YES;
				GCC_WARN_UNUSED_VARIABLE = YES;
				IPHONEOS_DEPLOYMENT_TARGET = 17.5;
				LOCALIZATION_PREFERS_STRING_CATALOGS = YES;
				MTL_ENABLE_DEBUG_INFO = NO;
				MTL_FAST_MATH = YES;
				SDKROOT = iphoneos;
				SWIFT_COMPILATION_MODE = wholemodule;
				VALIDATE_PRODUCT = YES;
			};
			name = Release;
		};
		C33204862C345D1500ACFCCD /* Debug */ = {
			isa = XCBuildConfiguration;
			buildSettings = {
				ASSETCATALOG_COMPILER_APPICON_NAME = AppIcon;
				ASSETCATALOG_COMPILER_GLOBAL_ACCENT_COLOR_NAME = AccentColor;
				ASSETCATALOG_COMPILER_INCLUDE_ALL_APPICON_ASSETS = NO;
				CODE_SIGN_STYLE = Automatic;
				CURRENT_PROJECT_VERSION = 1;
				GENERATE_INFOPLIST_FILE = YES;
				INFOPLIST_FILE = "The Movie App/Info.plist";
				INFOPLIST_KEY_UIApplicationSupportsIndirectInputEvents = YES;
				INFOPLIST_KEY_UILaunchStoryboardName = LaunchScreen;
				INFOPLIST_KEY_UIMainStoryboardFile = Main;
				INFOPLIST_KEY_UIStatusBarHidden = NO;
				INFOPLIST_KEY_UIStatusBarStyle = "";
				INFOPLIST_KEY_UISupportedInterfaceOrientations_iPad = "UIInterfaceOrientationPortrait UIInterfaceOrientationPortraitUpsideDown UIInterfaceOrientationLandscapeLeft UIInterfaceOrientationLandscapeRight";
				INFOPLIST_KEY_UISupportedInterfaceOrientations_iPhone = "UIInterfaceOrientationPortrait UIInterfaceOrientationLandscapeLeft UIInterfaceOrientationLandscapeRight";
				LD_RUNPATH_SEARCH_PATHS = (
					"$(inherited)",
					"@executable_path/Frameworks",
				);
				MARKETING_VERSION = 1.0;
				PRODUCT_BUNDLE_IDENTIFIER = "Nitesh-Sharma.The-Movie-App";
				PRODUCT_NAME = "$(TARGET_NAME)";
				SWIFT_EMIT_LOC_STRINGS = YES;
				SWIFT_VERSION = 5.0;
				TARGETED_DEVICE_FAMILY = "1,2";
			};
			name = Debug;
		};
		C33204872C345D1500ACFCCD /* Release */ = {
			isa = XCBuildConfiguration;
			buildSettings = {
				ASSETCATALOG_COMPILER_APPICON_NAME = AppIcon;
				ASSETCATALOG_COMPILER_GLOBAL_ACCENT_COLOR_NAME = AccentColor;
				ASSETCATALOG_COMPILER_INCLUDE_ALL_APPICON_ASSETS = NO;
				CODE_SIGN_STYLE = Automatic;
				CURRENT_PROJECT_VERSION = 1;
				DEVELOPMENT_TEAM = "";
				GENERATE_INFOPLIST_FILE = YES;
				INFOPLIST_FILE = "The Movie App/Info.plist";
				INFOPLIST_KEY_UIApplicationSupportsIndirectInputEvents = YES;
				INFOPLIST_KEY_UILaunchStoryboardName = LaunchScreen;
				INFOPLIST_KEY_UIMainStoryboardFile = Main;
				INFOPLIST_KEY_UIStatusBarHidden = NO;
				INFOPLIST_KEY_UIStatusBarStyle = "";
				INFOPLIST_KEY_UISupportedInterfaceOrientations_iPad = "UIInterfaceOrientationPortrait UIInterfaceOrientationPortraitUpsideDown UIInterfaceOrientationLandscapeLeft UIInterfaceOrientationLandscapeRight";
				INFOPLIST_KEY_UISupportedInterfaceOrientations_iPhone = "UIInterfaceOrientationPortrait UIInterfaceOrientationLandscapeLeft UIInterfaceOrientationLandscapeRight";
				LD_RUNPATH_SEARCH_PATHS = (
					"$(inherited)",
					"@executable_path/Frameworks",
				);
				MARKETING_VERSION = 1.0;
				PRODUCT_BUNDLE_IDENTIFIER = "Nitesh-Sharma.The-Movie-App";
				PRODUCT_NAME = "$(TARGET_NAME)";
				SWIFT_EMIT_LOC_STRINGS = YES;
				SWIFT_VERSION = 5.0;
				TARGETED_DEVICE_FAMILY = "1,2";
			};
			name = Release;
		};
		C33204892C345D1500ACFCCD /* Debug */ = {
			isa = XCBuildConfiguration;
			buildSettings = {
				ALWAYS_EMBED_SWIFT_STANDARD_LIBRARIES = YES;
				BUNDLE_LOADER = "$(TEST_HOST)";
				CODE_SIGN_STYLE = Automatic;
				CURRENT_PROJECT_VERSION = 1;
				GENERATE_INFOPLIST_FILE = YES;
				IPHONEOS_DEPLOYMENT_TARGET = 17.5;
				MARKETING_VERSION = 1.0;
				PRODUCT_BUNDLE_IDENTIFIER = "Nitesh-Sharma.The-Movie-AppTests";
				PRODUCT_NAME = "$(TARGET_NAME)";
				SWIFT_EMIT_LOC_STRINGS = NO;
				SWIFT_VERSION = 5.0;
				TARGETED_DEVICE_FAMILY = "1,2";
				TEST_HOST = "$(BUILT_PRODUCTS_DIR)/The Movie App.app/$(BUNDLE_EXECUTABLE_FOLDER_PATH)/The Movie App";
			};
			name = Debug;
		};
		C332048A2C345D1500ACFCCD /* Release */ = {
			isa = XCBuildConfiguration;
			buildSettings = {
				ALWAYS_EMBED_SWIFT_STANDARD_LIBRARIES = YES;
				BUNDLE_LOADER = "$(TEST_HOST)";
				CODE_SIGN_STYLE = Automatic;
				CURRENT_PROJECT_VERSION = 1;
				GENERATE_INFOPLIST_FILE = YES;
				IPHONEOS_DEPLOYMENT_TARGET = 17.5;
				MARKETING_VERSION = 1.0;
				PRODUCT_BUNDLE_IDENTIFIER = "Nitesh-Sharma.The-Movie-AppTests";
				PRODUCT_NAME = "$(TARGET_NAME)";
				SWIFT_EMIT_LOC_STRINGS = NO;
				SWIFT_VERSION = 5.0;
				TARGETED_DEVICE_FAMILY = "1,2";
				TEST_HOST = "$(BUILT_PRODUCTS_DIR)/The Movie App.app/$(BUNDLE_EXECUTABLE_FOLDER_PATH)/The Movie App";
			};
			name = Release;
		};
		C332048C2C345D1500ACFCCD /* Debug */ = {
			isa = XCBuildConfiguration;
			buildSettings = {
				ALWAYS_EMBED_SWIFT_STANDARD_LIBRARIES = YES;
				CODE_SIGN_STYLE = Automatic;
				CURRENT_PROJECT_VERSION = 1;
				GENERATE_INFOPLIST_FILE = YES;
				MARKETING_VERSION = 1.0;
				PRODUCT_BUNDLE_IDENTIFIER = "Nitesh-Sharma.The-Movie-AppUITests";
				PRODUCT_NAME = "$(TARGET_NAME)";
				SWIFT_EMIT_LOC_STRINGS = NO;
				SWIFT_VERSION = 5.0;
				TARGETED_DEVICE_FAMILY = "1,2";
				TEST_TARGET_NAME = "The Movie App";
			};
			name = Debug;
		};
		C332048D2C345D1500ACFCCD /* Release */ = {
			isa = XCBuildConfiguration;
			buildSettings = {
				ALWAYS_EMBED_SWIFT_STANDARD_LIBRARIES = YES;
				CODE_SIGN_STYLE = Automatic;
				CURRENT_PROJECT_VERSION = 1;
				GENERATE_INFOPLIST_FILE = YES;
				MARKETING_VERSION = 1.0;
				PRODUCT_BUNDLE_IDENTIFIER = "Nitesh-Sharma.The-Movie-AppUITests";
				PRODUCT_NAME = "$(TARGET_NAME)";
				SWIFT_EMIT_LOC_STRINGS = NO;
				SWIFT_VERSION = 5.0;
				TARGETED_DEVICE_FAMILY = "1,2";
				TEST_TARGET_NAME = "The Movie App";
			};
			name = Release;
		};
/* End XCBuildConfiguration section */

/* Begin XCConfigurationList section */
		C33204562C345D1100ACFCCD /* Build configuration list for PBXProject "The Movie App" */ = {
			isa = XCConfigurationList;
			buildConfigurations = (
				C33204832C345D1500ACFCCD /* Debug */,
				C33204842C345D1500ACFCCD /* Release */,
			);
			defaultConfigurationIsVisible = 0;
			defaultConfigurationName = Release;
		};
		C33204852C345D1500ACFCCD /* Build configuration list for PBXNativeTarget "The Movie App" */ = {
			isa = XCConfigurationList;
			buildConfigurations = (
				C33204862C345D1500ACFCCD /* Debug */,
				C33204872C345D1500ACFCCD /* Release */,
			);
			defaultConfigurationIsVisible = 0;
			defaultConfigurationName = Release;
		};
		C33204882C345D1500ACFCCD /* Build configuration list for PBXNativeTarget "The Movie AppTests" */ = {
			isa = XCConfigurationList;
			buildConfigurations = (
				C33204892C345D1500ACFCCD /* Debug */,
				C332048A2C345D1500ACFCCD /* Release */,
			);
			defaultConfigurationIsVisible = 0;
			defaultConfigurationName = Release;
		};
		C332048B2C345D1500ACFCCD /* Build configuration list for PBXNativeTarget "The Movie AppUITests" */ = {
			isa = XCConfigurationList;
			buildConfigurations = (
				C332048C2C345D1500ACFCCD /* Debug */,
				C332048D2C345D1500ACFCCD /* Release */,
			);
			defaultConfigurationIsVisible = 0;
			defaultConfigurationName = Release;
		};
/* End XCConfigurationList section */

/* Begin XCRemoteSwiftPackageReference section */
		C33204B32C3592EE00ACFCCD /* XCRemoteSwiftPackageReference "Kingfisher" */ = {
			isa = XCRemoteSwiftPackageReference;
			repositoryURL = "https://github.com/onevcat/Kingfisher.git";
			requirement = {
				kind = upToNextMajorVersion;
				minimumVersion = 7.0.0;
			};
		};
/* End XCRemoteSwiftPackageReference section */

/* Begin XCSwiftPackageProductDependency section */
		C33204B42C3592EE00ACFCCD /* Kingfisher */ = {
			isa = XCSwiftPackageProductDependency;
			package = C33204B32C3592EE00ACFCCD /* XCRemoteSwiftPackageReference "Kingfisher" */;
			productName = Kingfisher;
		};
/* End XCSwiftPackageProductDependency section */
	};
	rootObject = C33204532C345D1100ACFCCD /* Project object */;
}
